
Microsoft Visual Studio Solution File, Format Version 12.00
Project("{FAE04EC0-301F-11D3-BF4B-00C04F79EFBC}") = "linqTest", "linqTest\linqTest.csproj", "{4CDDCECF-387D-49CC-ABB7-04B4D5CBCC12}"
EndProject
Project("{FAE04EC0-301F-11D3-BF4B-00C04F79EFBC}") = "2.2.1", "2.2.1\2.2.1.csproj", "{3A074EED-042C-4068-9DFE-ED9BA3908A2A}"
EndProject
Project("{FAE04EC0-301F-11D3-BF4B-00C04F79EFBC}") = "2.2.2", "2.2.2\2.2.2.csproj", "{9F463547-D324-4D6F-A0EB-0E56567F18E5}"
EndProject
Project("{FAE04EC0-301F-11D3-BF4B-00C04F79EFBC}") = "2.2.3", "2.2.3\2.2.3.csproj", "{B3D18CDC-CB7D-4AFC-B82B-66D239FE73C7}"
EndProject
Project("{FAE04EC0-301F-11D3-BF4B-00C04F79EFBC}") = "2.2.4", "2.2.4\2.2.4.csproj", "{0903816B-4F93-455F-AA2B-20437D027C09}"
EndProject
Project("{FAE04EC0-301F-11D3-BF4B-00C04F79EFBC}") = "1.2", "1.2\1.2.csproj", "{C26526B4-6085-4868-AD34-8240323C3008}"
EndProject
Project("{FAE04EC0-301F-11D3-BF4B-00C04F79EFBC}") = "1.6", "1.6\1.6.csproj", "{6EE7F444-041B-4DE6-8AF9-38DEA78AA642}"
EndProject
Project("{FAE04EC0-301F-11D3-BF4B-00C04F79EFBC}") = "1.5", "1.5\1.5.csproj", "{8DD47F34-A2DD-4890-B625-7FC83DD7170C}"
EndProject
Project("{FAE04EC0-301F-11D3-BF4B-00C04F79EFBC}") = "1.3", "1.3\1.3.csproj", "{D317E793-A86D-4C76-9B3B-CA39763FAE86}"
EndProject
Global
	GlobalSection(SolutionConfigurationPlatforms) = preSolution
		Debug|Any CPU = Debug|Any CPU
		Release|Any CPU = Release|Any CPU
	EndGlobalSection
	GlobalSection(ProjectConfigurationPlatforms) = postSolution
		{4CDDCECF-387D-49CC-ABB7-04B4D5CBCC12}.Debug|Any CPU.ActiveCfg = Debug|Any CPU
		{4CDDCECF-387D-49CC-ABB7-04B4D5CBCC12}.Debug|Any CPU.Build.0 = Debug|Any CPU
		{4CDDCECF-387D-49CC-ABB7-04B4D5CBCC12}.Release|Any CPU.ActiveCfg = Release|Any CPU
		{4CDDCECF-387D-49CC-ABB7-04B4D5CBCC12}.Release|Any CPU.Build.0 = Release|Any CPU
		{3A074EED-042C-4068-9DFE-ED9BA3908A2A}.Debug|Any CPU.ActiveCfg = Debug|Any CPU
		{3A074EED-042C-4068-9DFE-ED9BA3908A2A}.Debug|Any CPU.Build.0 = Debug|Any CPU
		{3A074EED-042C-4068-9DFE-ED9BA3908A2A}.Release|Any CPU.ActiveCfg = Release|Any CPU
		{3A074EED-042C-4068-9DFE-ED9BA3908A2A}.Release|Any CPU.Build.0 = Release|Any CPU
		{9F463547-D324-4D6F-A0EB-0E56567F18E5}.Debug|Any CPU.ActiveCfg = Debug|Any CPU
		{9F463547-D324-4D6F-A0EB-0E56567F18E5}.Debug|Any CPU.Build.0 = Debug|Any CPU
		{9F463547-D324-4D6F-A0EB-0E56567F18E5}.Release|Any CPU.ActiveCfg = Release|Any CPU
		{9F463547-D324-4D6F-A0EB-0E56567F18E5}.Release|Any CPU.Build.0 = Release|Any CPU
		{B3D18CDC-CB7D-4AFC-B82B-66D239FE73C7}.Debug|Any CPU.ActiveCfg = Debug|Any CPU
		{B3D18CDC-CB7D-4AFC-B82B-66D239FE73C7}.Debug|Any CPU.Build.0 = Debug|Any CPU
		{B3D18CDC-CB7D-4AFC-B82B-66D239FE73C7}.Release|Any CPU.ActiveCfg = Release|Any CPU
		{B3D18CDC-CB7D-4AFC-B82B-66D239FE73C7}.Release|Any CPU.Build.0 = Release|Any CPU
		{0903816B-4F93-455F-AA2B-20437D027C09}.Debug|Any CPU.ActiveCfg = Debug|Any CPU
		{0903816B-4F93-455F-AA2B-20437D027C09}.Debug|Any CPU.Build.0 = Debug|Any CPU
		{0903816B-4F93-455F-AA2B-20437D027C09}.Release|Any CPU.ActiveCfg = Release|Any CPU
		{0903816B-4F93-455F-AA2B-20437D027C09}.Release|Any CPU.Build.0 = Release|Any CPU
		{C26526B4-6085-4868-AD34-8240323C3008}.Debug|Any CPU.ActiveCfg = Debug|Any CPU
		{C26526B4-6085-4868-AD34-8240323C3008}.Debug|Any CPU.Build.0 = Debug|Any CPU
		{C26526B4-6085-4868-AD34-8240323C3008}.Release|Any CPU.ActiveCfg = Release|Any CPU
		{C26526B4-6085-4868-AD34-8240323C3008}.Release|Any CPU.Build.0 = Release|Any CPU
		{6EE7F444-041B-4DE6-8AF9-38DEA78AA642}.Debug|Any CPU.ActiveCfg = Debug|Any CPU
		{6EE7F444-041B-4DE6-8AF9-38DEA78AA642}.Debug|Any CPU.Build.0 = Debug|Any CPU
		{6EE7F444-041B-4DE6-8AF9-38DEA78AA642}.Release|Any CPU.ActiveCfg = Release|Any CPU
		{6EE7F444-041B-4DE6-8AF9-38DEA78AA642}.Release|Any CPU.Build.0 = Release|Any CPU
		{8DD47F34-A2DD-4890-B625-7FC83DD7170C}.Debug|Any CPU.ActiveCfg = Debug|Any CPU
		{8DD47F34-A2DD-4890-B625-7FC83DD7170C}.Debug|Any CPU.Build.0 = Debug|Any CPU
		{8DD47F34-A2DD-4890-B625-7FC83DD7170C}.Release|Any CPU.ActiveCfg = Release|Any CPU
		{8DD47F34-A2DD-4890-B625-7FC83DD7170C}.Release|Any CPU.Build.0 = Release|Any CPU
		{D317E793-A86D-4C76-9B3B-CA39763FAE86}.Debug|Any CPU.ActiveCfg = Debug|Any CPU
		{D317E793-A86D-4C76-9B3B-CA39763FAE86}.Debug|Any CPU.Build.0 = Debug|Any CPU
		{D317E793-A86D-4C76-9B3B-CA39763FAE86}.Release|Any CPU.ActiveCfg = Release|Any CPU
		{D317E793-A86D-4C76-9B3B-CA39763FAE86}.Release|Any CPU.Build.0 = Release|Any CPU
	EndGlobalSection
EndGlobal
